{
  "name": "chai",
  "lockfileVersion": 3,
  "requires": true,
  "packages": {
    "": {
      "dependencies": {
        "chai": "^6.0.1"
      }
    },
    "node_modules/chai": {
      "version": "6.0.1",
      "resolved": "https://registry.npmjs.org/chai/-/chai-6.0.1.tgz",
      "integrity": "sha512-/JOoU2//6p5vCXh00FpNgtlw0LjvhGttaWc+y7wpW9yjBm3ys0dI8tSKZxIOgNruz5J0RleccatSIC3uxEZP0g==",
      "license": "MIT",
      "engines": {
        "node": ">=18"
      }
    }
  }
}
